
Microsoft Visual Studio Solution File, Format Version 12.00
# Visual Studio Version 17
VisualStudioVersion = 17.11.35312.102
MinimumVisualStudioVersion = 10.0.40219.1
Project("{FAE04EC0-301F-11D3-BF4B-00C04F79EFBC}") = "waterfallChutesAndLadders", "waterfallChutesAndLadders\waterfallChutesAndLadders.csproj", "{88586C70-A950-4443-BFA1-09C55AF1F3DC}"
EndProject
Global
	GlobalSection(SolutionConfigurationPlatforms) = preSolution
		Debug|Any CPU = Debug|Any CPU
		Release|Any CPU = Release|Any CPU
	EndGlobalSection
	GlobalSection(ProjectConfigurationPlatforms) = postSolution
		{88586C70-A950-4443-BFA1-09C55AF1F3DC}.Debug|Any CPU.ActiveCfg = Debug|Any CPU
		{88586C70-A950-4443-BFA1-09C55AF1F3DC}.Debug|Any CPU.Build.0 = Debug|Any CPU
		{88586C70-A950-4443-BFA1-09C55AF1F3DC}.Release|Any CPU.ActiveCfg = Release|Any CPU
		{88586C70-A950-4443-BFA1-09C55AF1F3DC}.Release|Any CPU.Build.0 = Release|Any CPU
	EndGlobalSection
	GlobalSection(SolutionProperties) = preSolution
		HideSolutionNode = FALSE
	EndGlobalSection
	GlobalSection(ExtensibilityGlobals) = postSolution
		SolutionGuid = {763AA4D3-9382-4BDE-A809-A3E38B832942}
	EndGlobalSection
EndGlobal
